{
  "object": {
    "pins": [
      {
        "package": "Package_C",
        "repositoryURL": "git@github.com:LittleGreenViper/SMPArticle-Package_C.git",
        "state": {
          "branch": null,
          "revision": "2a1f2053e2211969060bba87e826725304aea990",
          "version": "2.0.0"
        }
      },
      {
        "package": "Package_A",
        "repositoryURL": "git@github.com:LittleGreenViper/SPMArticle-Package_A.git",
        "state": {
          "branch": null,
          "revision": "09ef1505583fad44a5d2848a83b7cce594067501",
          "version": "2.0.0"
        }
      }
    ]
  },
  "version": 1
}
