{
  "object": {
    "pins": [
      {
        "package": "Package_C",
        "repositoryURL": "git@github.com:LittleGreenViper/SMPArticle-Package_C.git",
        "state": {
          "branch": null,
          "revision": "dc8ecbeb54ced3e0e1b8b08943ca6e1c58512604",
          "version": "3.0.0"
        }
      },
      {
        "package": "Package_A",
        "repositoryURL": "git@github.com:LittleGreenViper/SPMArticle-Package_A.git",
        "state": {
          "branch": null,
          "revision": "09ef1505583fad44a5d2848a83b7cce594067501",
          "version": "2.0.0"
        }
      }
    ]
  },
  "version": 1
}
